
Microsoft Visual Studio Solution File, Format Version 12.00
# Visual Studio Version 17
VisualStudioVersion = 17.4.33213.308
MinimumVisualStudioVersion = 10.0.40219.1
Project("{FAE04EC0-301F-11D3-BF4B-00C04F79EFBC}") = "FunctionsDepth", "FunctionsDepth\FunctionsDepth.csproj", "{B843DF9C-89B5-4A3F-A30E-E67BF5953FFC}"
EndProject
Global
	GlobalSection(SolutionConfigurationPlatforms) = preSolution
		Debug|Any CPU = Debug|Any CPU
		Release|Any CPU = Release|Any CPU
	EndGlobalSection
	GlobalSection(ProjectConfigurationPlatforms) = postSolution
		{B843DF9C-89B5-4A3F-A30E-E67BF5953FFC}.Debug|Any CPU.ActiveCfg = Debug|Any CPU
		{B843DF9C-89B5-4A3F-A30E-E67BF5953FFC}.Debug|Any CPU.Build.0 = Debug|Any CPU
		{B843DF9C-89B5-4A3F-A30E-E67BF5953FFC}.Release|Any CPU.ActiveCfg = Release|Any CPU
		{B843DF9C-89B5-4A3F-A30E-E67BF5953FFC}.Release|Any CPU.Build.0 = Release|Any CPU
	EndGlobalSection
	GlobalSection(SolutionProperties) = preSolution
		HideSolutionNode = FALSE
	EndGlobalSection
	GlobalSection(ExtensibilityGlobals) = postSolution
		SolutionGuid = {0DE5705C-8451-44A5-AA2C-69FBF4042D3A}
	EndGlobalSection
EndGlobal
