
Microsoft Visual Studio Solution File, Format Version 12.00
# Visual Studio Version 17
VisualStudioVersion = 17.4.33213.308
MinimumVisualStudioVersion = 10.0.40219.1
Project("{FAE04EC0-301F-11D3-BF4B-00C04F79EFBC}") = "Time", "Time\Time.csproj", "{43A870E4-82F8-4FC1-B002-8459BF980704}"
EndProject
Global
	GlobalSection(SolutionConfigurationPlatforms) = preSolution
		Debug|Any CPU = Debug|Any CPU
		Release|Any CPU = Release|Any CPU
	EndGlobalSection
	GlobalSection(ProjectConfigurationPlatforms) = postSolution
		{43A870E4-82F8-4FC1-B002-8459BF980704}.Debug|Any CPU.ActiveCfg = Debug|Any CPU
		{43A870E4-82F8-4FC1-B002-8459BF980704}.Debug|Any CPU.Build.0 = Debug|Any CPU
		{43A870E4-82F8-4FC1-B002-8459BF980704}.Release|Any CPU.ActiveCfg = Release|Any CPU
		{43A870E4-82F8-4FC1-B002-8459BF980704}.Release|Any CPU.Build.0 = Release|Any CPU
	EndGlobalSection
	GlobalSection(SolutionProperties) = preSolution
		HideSolutionNode = FALSE
	EndGlobalSection
	GlobalSection(ExtensibilityGlobals) = postSolution
		SolutionGuid = {FC5BF606-92CD-48A2-9E61-6D036D1F6CAB}
	EndGlobalSection
EndGlobal
