
Microsoft Visual Studio Solution File, Format Version 12.00
# Visual Studio Version 17
VisualStudioVersion = 17.4.33213.308
MinimumVisualStudioVersion = 10.0.40219.1
Project("{FAE04EC0-301F-11D3-BF4B-00C04F79EFBC}") = "arrays", "arrays\arrays.csproj", "{040FB236-0843-4DDF-92C4-776C0B5CB610}"
EndProject
Global
	GlobalSection(SolutionConfigurationPlatforms) = preSolution
		Debug|Any CPU = Debug|Any CPU
		Release|Any CPU = Release|Any CPU
	EndGlobalSection
	GlobalSection(ProjectConfigurationPlatforms) = postSolution
		{040FB236-0843-4DDF-92C4-776C0B5CB610}.Debug|Any CPU.ActiveCfg = Debug|Any CPU
		{040FB236-0843-4DDF-92C4-776C0B5CB610}.Debug|Any CPU.Build.0 = Debug|Any CPU
		{040FB236-0843-4DDF-92C4-776C0B5CB610}.Release|Any CPU.ActiveCfg = Release|Any CPU
		{040FB236-0843-4DDF-92C4-776C0B5CB610}.Release|Any CPU.Build.0 = Release|Any CPU
	EndGlobalSection
	GlobalSection(SolutionProperties) = preSolution
		HideSolutionNode = FALSE
	EndGlobalSection
	GlobalSection(ExtensibilityGlobals) = postSolution
		SolutionGuid = {6198211A-1314-4F10-A99F-5A1CA774AA12}
	EndGlobalSection
EndGlobal
